
Microsoft Visual Studio Solution File, Format Version 12.00
# Visual Studio Version 17
VisualStudioVersion = 17.11.35222.181
MinimumVisualStudioVersion = 10.0.40219.1
Project("{FAE04EC0-301F-11D3-BF4B-00C04F79EFBC}") = "StylesDemo", "StylesDemo\StylesDemo.csproj", "{18BB2AD2-97B2-44FA-90AC-9017CED5EBDE}"
EndProject
Global
	GlobalSection(SolutionConfigurationPlatforms) = preSolution
		Debug|Any CPU = Debug|Any CPU
		Release|Any CPU = Release|Any CPU
	EndGlobalSection
	GlobalSection(ProjectConfigurationPlatforms) = postSolution
		{18BB2AD2-97B2-44FA-90AC-9017CED5EBDE}.Debug|Any CPU.ActiveCfg = Debug|Any CPU
		{18BB2AD2-97B2-44FA-90AC-9017CED5EBDE}.Debug|Any CPU.Build.0 = Debug|Any CPU
		{18BB2AD2-97B2-44FA-90AC-9017CED5EBDE}.Debug|Any CPU.Deploy.0 = Debug|Any CPU
		{18BB2AD2-97B2-44FA-90AC-9017CED5EBDE}.Release|Any CPU.ActiveCfg = Release|Any CPU
		{18BB2AD2-97B2-44FA-90AC-9017CED5EBDE}.Release|Any CPU.Build.0 = Release|Any CPU
		{18BB2AD2-97B2-44FA-90AC-9017CED5EBDE}.Release|Any CPU.Deploy.0 = Release|Any CPU
	EndGlobalSection
	GlobalSection(SolutionProperties) = preSolution
		HideSolutionNode = FALSE
	EndGlobalSection
	GlobalSection(ExtensibilityGlobals) = postSolution
		SolutionGuid = {5EAA109B-5FA9-4DB9-BA74-43609C7C9DE0}
	EndGlobalSection
EndGlobal
